
Microsoft Visual Studio Solution File, Format Version 12.00
# Visual Studio Version 17
VisualStudioVersion = 17.0.31612.314
MinimumVisualStudioVersion = 10.0.40219.1
Project("{2150E333-8FDC-42A3-9474-1A3956D46DE8}") = "Common", "Common", "{B2B83BE9-47D3-4A0E-8172-EF4B6EF5F68C}"
EndProject
Project("{2150E333-8FDC-42A3-9474-1A3956D46DE8}") = "Utility", "Utility", "{FF27A93C-91D0-400F-854F-D4C54BAC491E}"
EndProject
Project("{2150E333-8FDC-42A3-9474-1A3956D46DE8}") = "Test", "Test", "{9670F72E-2B7D-471F-BC9E-0D0B2578C4FC}"
EndProject
Project("{9A19103F-16F7-4668-BE54-9A1E7A4F7556}") = "Abbotware.Core", "Common\Abbotware.Core\Abbotware.Core.csproj", "{C88C0D3A-E871-4919-8FE7-AB99118C9C6A}"
EndProject
Project("{9A19103F-16F7-4668-BE54-9A1E7A4F7556}") = "Abbotware.Interop.NUnit", "Interop\Abbotware.Interop.NUnit\Abbotware.Interop.NUnit.csproj", "{FB8A6DC6-A32F-4875-B39A-5D1AB247EFB9}"
EndProject
Project("{9A19103F-16F7-4668-BE54-9A1E7A4F7556}") = "Abbotware.Utility.UnitTest", "Utility\Abbotware.Utility.UnitTest\Abbotware.Utility.UnitTest.csproj", "{7C0F7F8F-FD7B-4181-B4E1-009851623801}"
EndProject
Project("{9A19103F-16F7-4668-BE54-9A1E7A4F7556}") = "Abbotware.Utility.UnitTest.Using.NUnit", "Utility\Abbotware.Utility.UnitTest.Using.NUnit\Abbotware.Utility.UnitTest.Using.NUnit.csproj", "{6CAB3CC6-8FAD-4C2D-8A48-6D150C14747C}"
EndProject
Project("{9A19103F-16F7-4668-BE54-9A1E7A4F7556}") = "Abbotware.UnitTests.Core", "Test\Abbotware.Core.UnitTests\Abbotware.UnitTests.Core.csproj", "{86BF2F36-120C-421E-8EC3-E9F852F9B0F3}"
EndProject
Project("{9A19103F-16F7-4668-BE54-9A1E7A4F7556}") = "Abbotware.Interop.Newtonsoft", "Interop\Abbotware.Interop.Newtonsoft\Abbotware.Interop.Newtonsoft.csproj", "{593B13F9-BAD1-4A60-BA45-746C2D5B677B}"
EndProject
Project("{9A19103F-16F7-4668-BE54-9A1E7A4F7556}") = "Abbotware.Interop.Microsoft", "Interop\Abbotware.Interop.Microsoft\Abbotware.Interop.Microsoft.csproj", "{872FF191-BA7B-4AF2-8081-3BB47E10B36A}"
EndProject
Project("{9A19103F-16F7-4668-BE54-9A1E7A4F7556}") = "Abbotware.Interop.Log4net", "Interop\Abbotware.Interop.Log4net\Abbotware.Interop.Log4net.csproj", "{86731265-32FF-4DF7-BAF2-3C85E69108C0}"
EndProject
Project("{2150E333-8FDC-42A3-9474-1A3956D46DE8}") = "Interop", "Interop", "{63414C79-BEF0-4A80-834A-4B47ABF9676F}"
EndProject
Project("{9A19103F-16F7-4668-BE54-9A1E7A4F7556}") = "Abbotware.Interop.Castle", "Interop\Abbotware.Interop.Castle\Abbotware.Interop.Castle.csproj", "{0A725F89-F524-41BE-A862-71BFFD519C1E}"
EndProject
Project("{2150E333-8FDC-42A3-9474-1A3956D46DE8}") = "Using", "Using", "{D2B93B89-97F6-466C-9C72-9FAF871422EF}"
EndProject
Project("{9A19103F-16F7-4668-BE54-9A1E7A4F7556}") = "Abbotware.Using.Castle", "Using\Abbotware.Using.Castle\Abbotware.Using.Castle.csproj", "{9AA88EF9-92F6-4CFD-A7B7-D7346FD5C3A7}"
EndProject
Project("{9A19103F-16F7-4668-BE54-9A1E7A4F7556}") = "Abbotware.Using.Castle.With.Log4net", "Using\Abbotware.Using.Castle.With.Log4net\Abbotware.Using.Castle.With.Log4net.csproj", "{1CFE49CE-C2BB-47F7-A16F-AA60D3FC4195}"
EndProject
Project("{9A19103F-16F7-4668-BE54-9A1E7A4F7556}") = "Abbotware.Interop.AutoMapper", "Interop\Abbotware.Interop.AutoMapper\Abbotware.Interop.AutoMapper.csproj", "{5B3675D4-073B-467D-846B-4F41A90C3F06}"
EndProject
Project("{9A19103F-16F7-4668-BE54-9A1E7A4F7556}") = "Abbotware.Interop.EntityFramework", "Interop\Abbotware.Interop.EntityFramework\Abbotware.Interop.EntityFramework.csproj", "{AD916C9A-E3DD-447F-ACE9-E1761B96F819}"
EndProject
Project("{9A19103F-16F7-4668-BE54-9A1E7A4F7556}") = "Abbotware.Data", "Common\Abbotware.Data\Abbotware.Data.csproj", "{1C85718B-533B-4B5D-BF88-A319AB2DC191}"
EndProject
Project("{9A19103F-16F7-4668-BE54-9A1E7A4F7556}") = "Abbotware.Data.Using.Castle", "Using\Abbotware.Data.Using.Castle\Abbotware.Data.Using.Castle.csproj", "{068C64F4-22A7-48C4-ADB2-B0ADCCCA48A8}"
EndProject
Project("{9A19103F-16F7-4668-BE54-9A1E7A4F7556}") = "Abbotware.Interop.SharpZipLib", "Interop\Abbotware.Interop.SharpZipLib\Abbotware.Interop.SharpZipLib.csproj", "{30D2DD23-CD24-47DA-AA93-7A5674102739}"
EndProject
Project("{9A19103F-16F7-4668-BE54-9A1E7A4F7556}") = "Abbotware.Web", "Common\Abbotware.Web\Abbotware.Web.csproj", "{0D44E217-B97A-4118-8C81-D5D0A652A3A7}"
EndProject
Project("{9A19103F-16F7-4668-BE54-9A1E7A4F7556}") = "Abbotware.Interop.Ipify", "Interop\Abbotware.Interop.Ipify\Abbotware.Interop.Ipify.csproj", "{729F496D-E13F-491D-A5D7-85396355957F}"
EndProject
Project("{9A19103F-16F7-4668-BE54-9A1E7A4F7556}") = "Abbotware.UnitTests.Interop", "Test\Abbotware.Interop.UnitTests\Abbotware.UnitTests.Interop.csproj", "{1A3600D6-6288-4002-A565-0134870F2E8E}"
EndProject
Project("{9A19103F-16F7-4668-BE54-9A1E7A4F7556}") = "Abbotware.Interop.MacVendors", "Interop\Abbotware.Interop.MacVendors\Abbotware.Interop.MacVendors.csproj", "{067C7AB6-352D-4636-B20D-1BFF1A01B6FC}"
EndProject
Project("{9A19103F-16F7-4668-BE54-9A1E7A4F7556}") = "Abbotware.Interop.Yubico", "Interop\Abbotware.Interop.Yubico\Abbotware.Interop.Yubico.csproj", "{E6E6CC3C-B395-4437-9A5C-31EE8A3B7FB2}"
EndProject
Project("{9A19103F-16F7-4668-BE54-9A1E7A4F7556}") = "Abbotware.IntegrationTests.Interop", "Test\Abbotware.Interop.IntegrationTests\Abbotware.IntegrationTests.Interop.csproj", "{9B0AE512-B0BD-49B8-835A-2D2FA509CECB}"
EndProject
Project("{9A19103F-16F7-4668-BE54-9A1E7A4F7556}") = "Abbotware.Interop.Redis", "Interop\Abbotware.Interop.Redis\Abbotware.Interop.Redis.csproj", "{90A2B711-D497-418F-8E44-C8A11F122E60}"
EndProject
Project("{9A19103F-16F7-4668-BE54-9A1E7A4F7556}") = "Abbotware.Utility.UnitTest.Using.EntityFramework", "Utility\Abbotware.Utility.UnitTest.Using.EntityFramework\Abbotware.Utility.UnitTest.Using.EntityFramework.csproj", "{21BCA02D-A243-4428-9105-CD9DDE3129AE}"
EndProject
Project("{9A19103F-16F7-4668-BE54-9A1E7A4F7556}") = "Abbotware.Host", "Common\Abbotware.Host\Abbotware.Host.csproj", "{474DD793-426F-41CE-835A-8C8BBEFF7CBE}"
EndProject
Project("{9A19103F-16F7-4668-BE54-9A1E7A4F7556}") = "Abbotware.Interop.Linux", "Interop\Abbotware.Interop.Linux\Abbotware.Interop.Linux.csproj", "{6EBC336D-B3A1-4E62-8825-047C2596DDB2}"
EndProject
Project("{9A19103F-16F7-4668-BE54-9A1E7A4F7556}") = "Abbotware.ShellCommand", "Common\Abbotware.ShellCommand\Abbotware.ShellCommand.csproj", "{62C2897B-86EA-4A97-A333-BF532947644E}"
EndProject
Project("{9A19103F-16F7-4668-BE54-9A1E7A4F7556}") = "Abbotware.Interop.Windows", "Interop\Abbotware.Interop.Windows\Abbotware.Interop.Windows.csproj", "{7F614BDB-29F0-4F02-822A-E7F024A3ACBC}"
EndProject
Project("{9A19103F-16F7-4668-BE54-9A1E7A4F7556}") = "Abbotware.Host.Service", "Common\Abbotware.Host.Service\Abbotware.Host.Service.csproj", "{470FEB52-4B9A-4B13-BD0D-F5563BFCB5E1}"
EndProject
Project("{9A19103F-16F7-4668-BE54-9A1E7A4F7556}") = "Abbotware.Interop.SystemTextJson", "Interop\Abbotware.Interop.SystemTextJson\Abbotware.Interop.SystemTextJson.csproj", "{9E276677-2476-4929-9F13-712F56B62413}"
EndProject
Project("{9A19103F-16F7-4668-BE54-9A1E7A4F7556}") = "Abbotware.Interop.ProtoBufNet", "Interop\Abbotware.Interop.ProtoBufNet\Abbotware.Interop.ProtoBufNet.csproj", "{C6E1411D-AA19-4DD0-8C1E-9A22EC484EAD}"
EndProject
Project("{9A19103F-16F7-4668-BE54-9A1E7A4F7556}") = "Abbotware.Interop.SystemServiceModel", "Interop\Abbotware.Interop.SystemServiceModel\Abbotware.Interop.SystemServiceModel.csproj", "{3586C07E-61C7-43B4-A3A1-8BF77A5B5DDA}"
EndProject
Project("{9A19103F-16F7-4668-BE54-9A1E7A4F7556}") = "Abbotware.Interop.MongoDB", "Interop\Abbotware.Interop.MongoDB\Abbotware.Interop.MongoDB.csproj", "{DF5E37BD-415D-4924-87A2-21EC7347F9FD}"
EndProject
Project("{9A19103F-16F7-4668-BE54-9A1E7A4F7556}") = "Abbotware.Interop.Aws.DynamoDB", "Interop\Abbotware.Interop.Aws.DynamoDB\Abbotware.Interop.Aws.DynamoDB.csproj", "{445CE0A2-3EF3-4C23-B369-8A95A7EE52BE}"
EndProject
Project("{9A19103F-16F7-4668-BE54-9A1E7A4F7556}") = "Abbotware.Interop.Aws.Sqs", "Interop\Abbotware.Interop.Aws.Sqs\Abbotware.Interop.Aws.Sqs.csproj", "{F66DF6E8-BE95-460B-82FD-CA2B69F46CC6}"
EndProject
Project("{9A19103F-16F7-4668-BE54-9A1E7A4F7556}") = "Abbotware.Interop.Aws", "Interop\Abbotware.Interop.Aws\Abbotware.Interop.Aws.csproj", "{87F03F96-EAA9-49DF-A09B-A2F69E2D3219}"
EndProject
Project("{9A19103F-16F7-4668-BE54-9A1E7A4F7556}") = "Abbotware.Interop.Aws.Lambda", "Interop\Abbotware.Interop.Aws.Lambda\Abbotware.Interop.Aws.Lambda.csproj", "{8B91029A-3802-4316-ABD6-95C6462936F0}"
EndProject
Project("{9A19103F-16F7-4668-BE54-9A1E7A4F7556}") = "Abbotware.Interop.BouncyCastle", "Interop\Abbotware.Interop.BouncyCastle\Abbotware.Interop.BouncyCastle.csproj", "{FEECF340-8EDE-48AE-A193-58757705A338}"
EndProject
Project("{9A19103F-16F7-4668-BE54-9A1E7A4F7556}") = "Abbotware.Experimental", "Common\Abbotware.Experimental\Abbotware.Experimental.csproj", "{11815E0B-DC55-48BF-8CDB-CEF4E11E99C2}"
EndProject
Project("{2150E333-8FDC-42A3-9474-1A3956D46DE8}") = "_Migrate", "_Migrate", "{9B87B618-C01B-4BA9-874E-77E3D08F1B16}"
EndProject
Project("{9A19103F-16F7-4668-BE54-9A1E7A4F7556}") = "Abbotware.ManualTests.Interop", "Test\Abbotware.Interop.ManualTests\Abbotware.ManualTests.Interop.csproj", "{8DD0E36D-5FCB-4736-BC01-4B9DDFA45160}"
EndProject
Project("{9A19103F-16F7-4668-BE54-9A1E7A4F7556}") = "Abbotware.Interop.TDAmeritrade", "Interop\Abbotware.Interop.TDAmeritrade\Abbotware.Interop.TDAmeritrade.csproj", "{AB2CBDBE-148B-4426-B432-6AD1C9CD1596}"
EndProject
Project("{9A19103F-16F7-4668-BE54-9A1E7A4F7556}") = "Abbotware.Interop.EodHistoricalData", "Interop\Abbotware.Interop.EodHistoricalData\Abbotware.Interop.EodHistoricalData.csproj", "{C3367A78-1DBB-4CC0-87EF-FB67FFC6048F}"
EndProject
Project("{9A19103F-16F7-4668-BE54-9A1E7A4F7556}") = "Abbotware.Interop.RestSharp", "Interop\Abbotware.Interop.RestSharp\Abbotware.Interop.RestSharp.csproj", "{FA0145E8-9F64-41FA-96B7-AFFBF8039E59}"
EndProject
Project("{9A19103F-16F7-4668-BE54-9A1E7A4F7556}") = "Abbotware.Interop.Iso", "Interop\Abbotware.Interop.Iso\Abbotware.Interop.Iso.csproj", "{D5A6FC36-66B9-43D5-A4B8-511A97B88DCF}"
EndProject
Project("{9A19103F-16F7-4668-BE54-9A1E7A4F7556}") = "Abbotware.Build", "Build\Common\Abbotware.Build.csproj", "{47B9FBB6-F3C3-434E-A07E-4BA6A75BEB3E}"
EndProject
Project("{9A19103F-16F7-4668-BE54-9A1E7A4F7556}") = "Abbotware.Quant", "Common\Abbotware.Quant\Abbotware.Quant.csproj", "{48C21B92-6331-407C-A591-F8976F689655}"
EndProject
Project("{9A19103F-16F7-4668-BE54-9A1E7A4F7556}") = "Abbotware.UnitTests.Quant", "Test\Abbotware.Quant.UnitTests\Abbotware.UnitTests.Quant.csproj", "{5758F4F2-C85B-43D0-8B7D-A4BD58EAD0FB}"
EndProject
Global
	GlobalSection(SolutionConfigurationPlatforms) = preSolution
		Debug|Any CPU = Debug|Any CPU
		Release|Any CPU = Release|Any CPU
	EndGlobalSection
	GlobalSection(ProjectConfigurationPlatforms) = postSolution
		{C88C0D3A-E871-4919-8FE7-AB99118C9C6A}.Debug|Any CPU.ActiveCfg = Debug|Any CPU
		{C88C0D3A-E871-4919-8FE7-AB99118C9C6A}.Debug|Any CPU.Build.0 = Debug|Any CPU
		{C88C0D3A-E871-4919-8FE7-AB99118C9C6A}.Release|Any CPU.ActiveCfg = Release|Any CPU
		{C88C0D3A-E871-4919-8FE7-AB99118C9C6A}.Release|Any CPU.Build.0 = Release|Any CPU
		{FB8A6DC6-A32F-4875-B39A-5D1AB247EFB9}.Debug|Any CPU.ActiveCfg = Debug|Any CPU
		{FB8A6DC6-A32F-4875-B39A-5D1AB247EFB9}.Debug|Any CPU.Build.0 = Debug|Any CPU
		{FB8A6DC6-A32F-4875-B39A-5D1AB247EFB9}.Release|Any CPU.ActiveCfg = Release|Any CPU
		{FB8A6DC6-A32F-4875-B39A-5D1AB247EFB9}.Release|Any CPU.Build.0 = Release|Any CPU
		{7C0F7F8F-FD7B-4181-B4E1-009851623801}.Debug|Any CPU.ActiveCfg = Debug|Any CPU
		{7C0F7F8F-FD7B-4181-B4E1-009851623801}.Debug|Any CPU.Build.0 = Debug|Any CPU
		{7C0F7F8F-FD7B-4181-B4E1-009851623801}.Release|Any CPU.ActiveCfg = Release|Any CPU
		{7C0F7F8F-FD7B-4181-B4E1-009851623801}.Release|Any CPU.Build.0 = Release|Any CPU
		{6CAB3CC6-8FAD-4C2D-8A48-6D150C14747C}.Debug|Any CPU.ActiveCfg = Debug|Any CPU
		{6CAB3CC6-8FAD-4C2D-8A48-6D150C14747C}.Debug|Any CPU.Build.0 = Debug|Any CPU
		{6CAB3CC6-8FAD-4C2D-8A48-6D150C14747C}.Release|Any CPU.ActiveCfg = Release|Any CPU
		{6CAB3CC6-8FAD-4C2D-8A48-6D150C14747C}.Release|Any CPU.Build.0 = Release|Any CPU
		{86BF2F36-120C-421E-8EC3-E9F852F9B0F3}.Debug|Any CPU.ActiveCfg = Debug|Any CPU
		{86BF2F36-120C-421E-8EC3-E9F852F9B0F3}.Debug|Any CPU.Build.0 = Debug|Any CPU
		{86BF2F36-120C-421E-8EC3-E9F852F9B0F3}.Release|Any CPU.ActiveCfg = Release|Any CPU
		{86BF2F36-120C-421E-8EC3-E9F852F9B0F3}.Release|Any CPU.Build.0 = Release|Any CPU
		{593B13F9-BAD1-4A60-BA45-746C2D5B677B}.Debug|Any CPU.ActiveCfg = Debug|Any CPU
		{593B13F9-BAD1-4A60-BA45-746C2D5B677B}.Debug|Any CPU.Build.0 = Debug|Any CPU
		{593B13F9-BAD1-4A60-BA45-746C2D5B677B}.Release|Any CPU.ActiveCfg = Release|Any CPU
		{593B13F9-BAD1-4A60-BA45-746C2D5B677B}.Release|Any CPU.Build.0 = Release|Any CPU
		{872FF191-BA7B-4AF2-8081-3BB47E10B36A}.Debug|Any CPU.ActiveCfg = Debug|Any CPU
		{872FF191-BA7B-4AF2-8081-3BB47E10B36A}.Debug|Any CPU.Build.0 = Debug|Any CPU
		{872FF191-BA7B-4AF2-8081-3BB47E10B36A}.Release|Any CPU.ActiveCfg = Release|Any CPU
		{872FF191-BA7B-4AF2-8081-3BB47E10B36A}.Release|Any CPU.Build.0 = Release|Any CPU
		{86731265-32FF-4DF7-BAF2-3C85E69108C0}.Debug|Any CPU.ActiveCfg = Debug|Any CPU
		{86731265-32FF-4DF7-BAF2-3C85E69108C0}.Debug|Any CPU.Build.0 = Debug|Any CPU
		{86731265-32FF-4DF7-BAF2-3C85E69108C0}.Release|Any CPU.ActiveCfg = Release|Any CPU
		{86731265-32FF-4DF7-BAF2-3C85E69108C0}.Release|Any CPU.Build.0 = Release|Any CPU
		{0A725F89-F524-41BE-A862-71BFFD519C1E}.Debug|Any CPU.ActiveCfg = Debug|Any CPU
		{0A725F89-F524-41BE-A862-71BFFD519C1E}.Debug|Any CPU.Build.0 = Debug|Any CPU
		{0A725F89-F524-41BE-A862-71BFFD519C1E}.Release|Any CPU.ActiveCfg = Release|Any CPU
		{0A725F89-F524-41BE-A862-71BFFD519C1E}.Release|Any CPU.Build.0 = Release|Any CPU
		{9AA88EF9-92F6-4CFD-A7B7-D7346FD5C3A7}.Debug|Any CPU.ActiveCfg = Debug|Any CPU
		{9AA88EF9-92F6-4CFD-A7B7-D7346FD5C3A7}.Debug|Any CPU.Build.0 = Debug|Any CPU
		{9AA88EF9-92F6-4CFD-A7B7-D7346FD5C3A7}.Release|Any CPU.ActiveCfg = Release|Any CPU
		{9AA88EF9-92F6-4CFD-A7B7-D7346FD5C3A7}.Release|Any CPU.Build.0 = Release|Any CPU
		{1CFE49CE-C2BB-47F7-A16F-AA60D3FC4195}.Debug|Any CPU.ActiveCfg = Debug|Any CPU
		{1CFE49CE-C2BB-47F7-A16F-AA60D3FC4195}.Debug|Any CPU.Build.0 = Debug|Any CPU
		{1CFE49CE-C2BB-47F7-A16F-AA60D3FC4195}.Release|Any CPU.ActiveCfg = Release|Any CPU
		{1CFE49CE-C2BB-47F7-A16F-AA60D3FC4195}.Release|Any CPU.Build.0 = Release|Any CPU
		{5B3675D4-073B-467D-846B-4F41A90C3F06}.Debug|Any CPU.ActiveCfg = Debug|Any CPU
		{5B3675D4-073B-467D-846B-4F41A90C3F06}.Debug|Any CPU.Build.0 = Debug|Any CPU
		{5B3675D4-073B-467D-846B-4F41A90C3F06}.Release|Any CPU.ActiveCfg = Release|Any CPU
		{5B3675D4-073B-467D-846B-4F41A90C3F06}.Release|Any CPU.Build.0 = Release|Any CPU
		{AD916C9A-E3DD-447F-ACE9-E1761B96F819}.Debug|Any CPU.ActiveCfg = Debug|Any CPU
		{AD916C9A-E3DD-447F-ACE9-E1761B96F819}.Debug|Any CPU.Build.0 = Debug|Any CPU
		{AD916C9A-E3DD-447F-ACE9-E1761B96F819}.Release|Any CPU.ActiveCfg = Release|Any CPU
		{AD916C9A-E3DD-447F-ACE9-E1761B96F819}.Release|Any CPU.Build.0 = Release|Any CPU
		{1C85718B-533B-4B5D-BF88-A319AB2DC191}.Debug|Any CPU.ActiveCfg = Debug|Any CPU
		{1C85718B-533B-4B5D-BF88-A319AB2DC191}.Debug|Any CPU.Build.0 = Debug|Any CPU
		{1C85718B-533B-4B5D-BF88-A319AB2DC191}.Release|Any CPU.ActiveCfg = Release|Any CPU
		{1C85718B-533B-4B5D-BF88-A319AB2DC191}.Release|Any CPU.Build.0 = Release|Any CPU
		{068C64F4-22A7-48C4-ADB2-B0ADCCCA48A8}.Debug|Any CPU.ActiveCfg = Debug|Any CPU
		{068C64F4-22A7-48C4-ADB2-B0ADCCCA48A8}.Debug|Any CPU.Build.0 = Debug|Any CPU
		{068C64F4-22A7-48C4-ADB2-B0ADCCCA48A8}.Release|Any CPU.ActiveCfg = Release|Any CPU
		{068C64F4-22A7-48C4-ADB2-B0ADCCCA48A8}.Release|Any CPU.Build.0 = Release|Any CPU
		{30D2DD23-CD24-47DA-AA93-7A5674102739}.Debug|Any CPU.ActiveCfg = Debug|Any CPU
		{30D2DD23-CD24-47DA-AA93-7A5674102739}.Debug|Any CPU.Build.0 = Debug|Any CPU
		{30D2DD23-CD24-47DA-AA93-7A5674102739}.Release|Any CPU.ActiveCfg = Release|Any CPU
		{30D2DD23-CD24-47DA-AA93-7A5674102739}.Release|Any CPU.Build.0 = Release|Any CPU
		{0D44E217-B97A-4118-8C81-D5D0A652A3A7}.Debug|Any CPU.ActiveCfg = Debug|Any CPU
		{0D44E217-B97A-4118-8C81-D5D0A652A3A7}.Debug|Any CPU.Build.0 = Debug|Any CPU
		{0D44E217-B97A-4118-8C81-D5D0A652A3A7}.Release|Any CPU.ActiveCfg = Release|Any CPU
		{0D44E217-B97A-4118-8C81-D5D0A652A3A7}.Release|Any CPU.Build.0 = Release|Any CPU
		{729F496D-E13F-491D-A5D7-85396355957F}.Debug|Any CPU.ActiveCfg = Debug|Any CPU
		{729F496D-E13F-491D-A5D7-85396355957F}.Debug|Any CPU.Build.0 = Debug|Any CPU
		{729F496D-E13F-491D-A5D7-85396355957F}.Release|Any CPU.ActiveCfg = Release|Any CPU
		{729F496D-E13F-491D-A5D7-85396355957F}.Release|Any CPU.Build.0 = Release|Any CPU
		{1A3600D6-6288-4002-A565-0134870F2E8E}.Debug|Any CPU.ActiveCfg = Debug|Any CPU
		{1A3600D6-6288-4002-A565-0134870F2E8E}.Debug|Any CPU.Build.0 = Debug|Any CPU
		{1A3600D6-6288-4002-A565-0134870F2E8E}.Release|Any CPU.ActiveCfg = Release|Any CPU
		{1A3600D6-6288-4002-A565-0134870F2E8E}.Release|Any CPU.Build.0 = Release|Any CPU
		{067C7AB6-352D-4636-B20D-1BFF1A01B6FC}.Debug|Any CPU.ActiveCfg = Debug|Any CPU
		{067C7AB6-352D-4636-B20D-1BFF1A01B6FC}.Debug|Any CPU.Build.0 = Debug|Any CPU
		{067C7AB6-352D-4636-B20D-1BFF1A01B6FC}.Release|Any CPU.ActiveCfg = Release|Any CPU
		{067C7AB6-352D-4636-B20D-1BFF1A01B6FC}.Release|Any CPU.Build.0 = Release|Any CPU
		{E6E6CC3C-B395-4437-9A5C-31EE8A3B7FB2}.Debug|Any CPU.ActiveCfg = Debug|Any CPU
		{E6E6CC3C-B395-4437-9A5C-31EE8A3B7FB2}.Debug|Any CPU.Build.0 = Debug|Any CPU
		{E6E6CC3C-B395-4437-9A5C-31EE8A3B7FB2}.Release|Any CPU.ActiveCfg = Release|Any CPU
		{E6E6CC3C-B395-4437-9A5C-31EE8A3B7FB2}.Release|Any CPU.Build.0 = Release|Any CPU
		{9B0AE512-B0BD-49B8-835A-2D2FA509CECB}.Debug|Any CPU.ActiveCfg = Debug|Any CPU
		{9B0AE512-B0BD-49B8-835A-2D2FA509CECB}.Release|Any CPU.ActiveCfg = Release|Any CPU
		{90A2B711-D497-418F-8E44-C8A11F122E60}.Debug|Any CPU.ActiveCfg = Debug|Any CPU
		{90A2B711-D497-418F-8E44-C8A11F122E60}.Debug|Any CPU.Build.0 = Debug|Any CPU
		{90A2B711-D497-418F-8E44-C8A11F122E60}.Release|Any CPU.ActiveCfg = Release|Any CPU
		{90A2B711-D497-418F-8E44-C8A11F122E60}.Release|Any CPU.Build.0 = Release|Any CPU
		{21BCA02D-A243-4428-9105-CD9DDE3129AE}.Debug|Any CPU.ActiveCfg = Debug|Any CPU
		{21BCA02D-A243-4428-9105-CD9DDE3129AE}.Debug|Any CPU.Build.0 = Debug|Any CPU
		{21BCA02D-A243-4428-9105-CD9DDE3129AE}.Release|Any CPU.ActiveCfg = Release|Any CPU
		{21BCA02D-A243-4428-9105-CD9DDE3129AE}.Release|Any CPU.Build.0 = Release|Any CPU
		{474DD793-426F-41CE-835A-8C8BBEFF7CBE}.Debug|Any CPU.ActiveCfg = Debug|Any CPU
		{474DD793-426F-41CE-835A-8C8BBEFF7CBE}.Debug|Any CPU.Build.0 = Debug|Any CPU
		{474DD793-426F-41CE-835A-8C8BBEFF7CBE}.Release|Any CPU.ActiveCfg = Release|Any CPU
		{474DD793-426F-41CE-835A-8C8BBEFF7CBE}.Release|Any CPU.Build.0 = Release|Any CPU
		{6EBC336D-B3A1-4E62-8825-047C2596DDB2}.Debug|Any CPU.ActiveCfg = Debug|Any CPU
		{6EBC336D-B3A1-4E62-8825-047C2596DDB2}.Debug|Any CPU.Build.0 = Debug|Any CPU
		{6EBC336D-B3A1-4E62-8825-047C2596DDB2}.Release|Any CPU.ActiveCfg = Release|Any CPU
		{6EBC336D-B3A1-4E62-8825-047C2596DDB2}.Release|Any CPU.Build.0 = Release|Any CPU
		{62C2897B-86EA-4A97-A333-BF532947644E}.Debug|Any CPU.ActiveCfg = Debug|Any CPU
		{62C2897B-86EA-4A97-A333-BF532947644E}.Debug|Any CPU.Build.0 = Debug|Any CPU
		{62C2897B-86EA-4A97-A333-BF532947644E}.Release|Any CPU.ActiveCfg = Release|Any CPU
		{62C2897B-86EA-4A97-A333-BF532947644E}.Release|Any CPU.Build.0 = Release|Any CPU
		{7F614BDB-29F0-4F02-822A-E7F024A3ACBC}.Debug|Any CPU.ActiveCfg = Debug|Any CPU
		{7F614BDB-29F0-4F02-822A-E7F024A3ACBC}.Debug|Any CPU.Build.0 = Debug|Any CPU
		{7F614BDB-29F0-4F02-822A-E7F024A3ACBC}.Release|Any CPU.ActiveCfg = Release|Any CPU
		{7F614BDB-29F0-4F02-822A-E7F024A3ACBC}.Release|Any CPU.Build.0 = Release|Any CPU
		{470FEB52-4B9A-4B13-BD0D-F5563BFCB5E1}.Debug|Any CPU.ActiveCfg = Debug|Any CPU
		{470FEB52-4B9A-4B13-BD0D-F5563BFCB5E1}.Debug|Any CPU.Build.0 = Debug|Any CPU
		{470FEB52-4B9A-4B13-BD0D-F5563BFCB5E1}.Release|Any CPU.ActiveCfg = Release|Any CPU
		{470FEB52-4B9A-4B13-BD0D-F5563BFCB5E1}.Release|Any CPU.Build.0 = Release|Any CPU
		{9E276677-2476-4929-9F13-712F56B62413}.Debug|Any CPU.ActiveCfg = Debug|Any CPU
		{9E276677-2476-4929-9F13-712F56B62413}.Debug|Any CPU.Build.0 = Debug|Any CPU
		{9E276677-2476-4929-9F13-712F56B62413}.Release|Any CPU.ActiveCfg = Release|Any CPU
		{9E276677-2476-4929-9F13-712F56B62413}.Release|Any CPU.Build.0 = Release|Any CPU
		{C6E1411D-AA19-4DD0-8C1E-9A22EC484EAD}.Debug|Any CPU.ActiveCfg = Debug|Any CPU
		{C6E1411D-AA19-4DD0-8C1E-9A22EC484EAD}.Debug|Any CPU.Build.0 = Debug|Any CPU
		{C6E1411D-AA19-4DD0-8C1E-9A22EC484EAD}.Release|Any CPU.ActiveCfg = Release|Any CPU
		{C6E1411D-AA19-4DD0-8C1E-9A22EC484EAD}.Release|Any CPU.Build.0 = Release|Any CPU
		{3586C07E-61C7-43B4-A3A1-8BF77A5B5DDA}.Debug|Any CPU.ActiveCfg = Debug|Any CPU
		{3586C07E-61C7-43B4-A3A1-8BF77A5B5DDA}.Debug|Any CPU.Build.0 = Debug|Any CPU
		{3586C07E-61C7-43B4-A3A1-8BF77A5B5DDA}.Release|Any CPU.ActiveCfg = Release|Any CPU
		{3586C07E-61C7-43B4-A3A1-8BF77A5B5DDA}.Release|Any CPU.Build.0 = Release|Any CPU
		{DF5E37BD-415D-4924-87A2-21EC7347F9FD}.Debug|Any CPU.ActiveCfg = Debug|Any CPU
		{DF5E37BD-415D-4924-87A2-21EC7347F9FD}.Debug|Any CPU.Build.0 = Debug|Any CPU
		{DF5E37BD-415D-4924-87A2-21EC7347F9FD}.Release|Any CPU.ActiveCfg = Release|Any CPU
		{DF5E37BD-415D-4924-87A2-21EC7347F9FD}.Release|Any CPU.Build.0 = Release|Any CPU
		{445CE0A2-3EF3-4C23-B369-8A95A7EE52BE}.Debug|Any CPU.ActiveCfg = Debug|Any CPU
		{445CE0A2-3EF3-4C23-B369-8A95A7EE52BE}.Debug|Any CPU.Build.0 = Debug|Any CPU
		{445CE0A2-3EF3-4C23-B369-8A95A7EE52BE}.Release|Any CPU.ActiveCfg = Release|Any CPU
		{445CE0A2-3EF3-4C23-B369-8A95A7EE52BE}.Release|Any CPU.Build.0 = Release|Any CPU
		{F66DF6E8-BE95-460B-82FD-CA2B69F46CC6}.Debug|Any CPU.ActiveCfg = Debug|Any CPU
		{F66DF6E8-BE95-460B-82FD-CA2B69F46CC6}.Debug|Any CPU.Build.0 = Debug|Any CPU
		{F66DF6E8-BE95-460B-82FD-CA2B69F46CC6}.Release|Any CPU.ActiveCfg = Release|Any CPU
		{F66DF6E8-BE95-460B-82FD-CA2B69F46CC6}.Release|Any CPU.Build.0 = Release|Any CPU
		{87F03F96-EAA9-49DF-A09B-A2F69E2D3219}.Debug|Any CPU.ActiveCfg = Debug|Any CPU
		{87F03F96-EAA9-49DF-A09B-A2F69E2D3219}.Debug|Any CPU.Build.0 = Debug|Any CPU
		{87F03F96-EAA9-49DF-A09B-A2F69E2D3219}.Release|Any CPU.ActiveCfg = Release|Any CPU
		{87F03F96-EAA9-49DF-A09B-A2F69E2D3219}.Release|Any CPU.Build.0 = Release|Any CPU
		{8B91029A-3802-4316-ABD6-95C6462936F0}.Debug|Any CPU.ActiveCfg = Debug|Any CPU
		{8B91029A-3802-4316-ABD6-95C6462936F0}.Debug|Any CPU.Build.0 = Debug|Any CPU
		{8B91029A-3802-4316-ABD6-95C6462936F0}.Release|Any CPU.ActiveCfg = Release|Any CPU
		{8B91029A-3802-4316-ABD6-95C6462936F0}.Release|Any CPU.Build.0 = Release|Any CPU
		{FEECF340-8EDE-48AE-A193-58757705A338}.Debug|Any CPU.ActiveCfg = Debug|Any CPU
		{FEECF340-8EDE-48AE-A193-58757705A338}.Debug|Any CPU.Build.0 = Debug|Any CPU
		{FEECF340-8EDE-48AE-A193-58757705A338}.Release|Any CPU.ActiveCfg = Release|Any CPU
		{FEECF340-8EDE-48AE-A193-58757705A338}.Release|Any CPU.Build.0 = Release|Any CPU
		{11815E0B-DC55-48BF-8CDB-CEF4E11E99C2}.Debug|Any CPU.ActiveCfg = Debug|Any CPU
		{11815E0B-DC55-48BF-8CDB-CEF4E11E99C2}.Debug|Any CPU.Build.0 = Debug|Any CPU
		{11815E0B-DC55-48BF-8CDB-CEF4E11E99C2}.Release|Any CPU.ActiveCfg = Release|Any CPU
		{11815E0B-DC55-48BF-8CDB-CEF4E11E99C2}.Release|Any CPU.Build.0 = Release|Any CPU
		{8DD0E36D-5FCB-4736-BC01-4B9DDFA45160}.Debug|Any CPU.ActiveCfg = Debug|Any CPU
		{8DD0E36D-5FCB-4736-BC01-4B9DDFA45160}.Release|Any CPU.ActiveCfg = Release|Any CPU
		{AB2CBDBE-148B-4426-B432-6AD1C9CD1596}.Debug|Any CPU.ActiveCfg = Debug|Any CPU
		{AB2CBDBE-148B-4426-B432-6AD1C9CD1596}.Debug|Any CPU.Build.0 = Debug|Any CPU
		{AB2CBDBE-148B-4426-B432-6AD1C9CD1596}.Release|Any CPU.ActiveCfg = Release|Any CPU
		{AB2CBDBE-148B-4426-B432-6AD1C9CD1596}.Release|Any CPU.Build.0 = Release|Any CPU
		{C3367A78-1DBB-4CC0-87EF-FB67FFC6048F}.Debug|Any CPU.ActiveCfg = Debug|Any CPU
		{C3367A78-1DBB-4CC0-87EF-FB67FFC6048F}.Debug|Any CPU.Build.0 = Debug|Any CPU
		{C3367A78-1DBB-4CC0-87EF-FB67FFC6048F}.Release|Any CPU.ActiveCfg = Release|Any CPU
		{C3367A78-1DBB-4CC0-87EF-FB67FFC6048F}.Release|Any CPU.Build.0 = Release|Any CPU
		{FA0145E8-9F64-41FA-96B7-AFFBF8039E59}.Debug|Any CPU.ActiveCfg = Debug|Any CPU
		{FA0145E8-9F64-41FA-96B7-AFFBF8039E59}.Debug|Any CPU.Build.0 = Debug|Any CPU
		{FA0145E8-9F64-41FA-96B7-AFFBF8039E59}.Release|Any CPU.ActiveCfg = Release|Any CPU
		{FA0145E8-9F64-41FA-96B7-AFFBF8039E59}.Release|Any CPU.Build.0 = Release|Any CPU
		{D5A6FC36-66B9-43D5-A4B8-511A97B88DCF}.Debug|Any CPU.ActiveCfg = Debug|Any CPU
		{D5A6FC36-66B9-43D5-A4B8-511A97B88DCF}.Debug|Any CPU.Build.0 = Debug|Any CPU
		{D5A6FC36-66B9-43D5-A4B8-511A97B88DCF}.Release|Any CPU.ActiveCfg = Release|Any CPU
		{D5A6FC36-66B9-43D5-A4B8-511A97B88DCF}.Release|Any CPU.Build.0 = Release|Any CPU
		{47B9FBB6-F3C3-434E-A07E-4BA6A75BEB3E}.Debug|Any CPU.ActiveCfg = Debug|Any CPU
		{47B9FBB6-F3C3-434E-A07E-4BA6A75BEB3E}.Release|Any CPU.ActiveCfg = Release|Any CPU
		{48C21B92-6331-407C-A591-F8976F689655}.Debug|Any CPU.ActiveCfg = Debug|Any CPU
		{48C21B92-6331-407C-A591-F8976F689655}.Debug|Any CPU.Build.0 = Debug|Any CPU
		{48C21B92-6331-407C-A591-F8976F689655}.Release|Any CPU.ActiveCfg = Release|Any CPU
		{48C21B92-6331-407C-A591-F8976F689655}.Release|Any CPU.Build.0 = Release|Any CPU
		{5758F4F2-C85B-43D0-8B7D-A4BD58EAD0FB}.Debug|Any CPU.ActiveCfg = Debug|Any CPU
		{5758F4F2-C85B-43D0-8B7D-A4BD58EAD0FB}.Debug|Any CPU.Build.0 = Debug|Any CPU
		{5758F4F2-C85B-43D0-8B7D-A4BD58EAD0FB}.Release|Any CPU.ActiveCfg = Release|Any CPU
		{5758F4F2-C85B-43D0-8B7D-A4BD58EAD0FB}.Release|Any CPU.Build.0 = Release|Any CPU
	EndGlobalSection
	GlobalSection(SolutionProperties) = preSolution
		HideSolutionNode = FALSE
	EndGlobalSection
	GlobalSection(NestedProjects) = preSolution
		{C88C0D3A-E871-4919-8FE7-AB99118C9C6A} = {B2B83BE9-47D3-4A0E-8172-EF4B6EF5F68C}
		{FB8A6DC6-A32F-4875-B39A-5D1AB247EFB9} = {63414C79-BEF0-4A80-834A-4B47ABF9676F}
		{7C0F7F8F-FD7B-4181-B4E1-009851623801} = {FF27A93C-91D0-400F-854F-D4C54BAC491E}
		{6CAB3CC6-8FAD-4C2D-8A48-6D150C14747C} = {FF27A93C-91D0-400F-854F-D4C54BAC491E}
		{86BF2F36-120C-421E-8EC3-E9F852F9B0F3} = {9670F72E-2B7D-471F-BC9E-0D0B2578C4FC}
		{593B13F9-BAD1-4A60-BA45-746C2D5B677B} = {63414C79-BEF0-4A80-834A-4B47ABF9676F}
		{872FF191-BA7B-4AF2-8081-3BB47E10B36A} = {63414C79-BEF0-4A80-834A-4B47ABF9676F}
		{86731265-32FF-4DF7-BAF2-3C85E69108C0} = {63414C79-BEF0-4A80-834A-4B47ABF9676F}
		{0A725F89-F524-41BE-A862-71BFFD519C1E} = {63414C79-BEF0-4A80-834A-4B47ABF9676F}
		{9AA88EF9-92F6-4CFD-A7B7-D7346FD5C3A7} = {D2B93B89-97F6-466C-9C72-9FAF871422EF}
		{1CFE49CE-C2BB-47F7-A16F-AA60D3FC4195} = {D2B93B89-97F6-466C-9C72-9FAF871422EF}
		{5B3675D4-073B-467D-846B-4F41A90C3F06} = {63414C79-BEF0-4A80-834A-4B47ABF9676F}
		{AD916C9A-E3DD-447F-ACE9-E1761B96F819} = {63414C79-BEF0-4A80-834A-4B47ABF9676F}
		{1C85718B-533B-4B5D-BF88-A319AB2DC191} = {B2B83BE9-47D3-4A0E-8172-EF4B6EF5F68C}
		{068C64F4-22A7-48C4-ADB2-B0ADCCCA48A8} = {D2B93B89-97F6-466C-9C72-9FAF871422EF}
		{30D2DD23-CD24-47DA-AA93-7A5674102739} = {63414C79-BEF0-4A80-834A-4B47ABF9676F}
		{0D44E217-B97A-4118-8C81-D5D0A652A3A7} = {B2B83BE9-47D3-4A0E-8172-EF4B6EF5F68C}
		{729F496D-E13F-491D-A5D7-85396355957F} = {63414C79-BEF0-4A80-834A-4B47ABF9676F}
		{1A3600D6-6288-4002-A565-0134870F2E8E} = {9670F72E-2B7D-471F-BC9E-0D0B2578C4FC}
		{067C7AB6-352D-4636-B20D-1BFF1A01B6FC} = {63414C79-BEF0-4A80-834A-4B47ABF9676F}
		{E6E6CC3C-B395-4437-9A5C-31EE8A3B7FB2} = {63414C79-BEF0-4A80-834A-4B47ABF9676F}
		{9B0AE512-B0BD-49B8-835A-2D2FA509CECB} = {9670F72E-2B7D-471F-BC9E-0D0B2578C4FC}
		{90A2B711-D497-418F-8E44-C8A11F122E60} = {63414C79-BEF0-4A80-834A-4B47ABF9676F}
		{21BCA02D-A243-4428-9105-CD9DDE3129AE} = {FF27A93C-91D0-400F-854F-D4C54BAC491E}
		{474DD793-426F-41CE-835A-8C8BBEFF7CBE} = {B2B83BE9-47D3-4A0E-8172-EF4B6EF5F68C}
		{6EBC336D-B3A1-4E62-8825-047C2596DDB2} = {63414C79-BEF0-4A80-834A-4B47ABF9676F}
		{62C2897B-86EA-4A97-A333-BF532947644E} = {B2B83BE9-47D3-4A0E-8172-EF4B6EF5F68C}
		{7F614BDB-29F0-4F02-822A-E7F024A3ACBC} = {63414C79-BEF0-4A80-834A-4B47ABF9676F}
		{470FEB52-4B9A-4B13-BD0D-F5563BFCB5E1} = {B2B83BE9-47D3-4A0E-8172-EF4B6EF5F68C}
		{9E276677-2476-4929-9F13-712F56B62413} = {63414C79-BEF0-4A80-834A-4B47ABF9676F}
		{C6E1411D-AA19-4DD0-8C1E-9A22EC484EAD} = {63414C79-BEF0-4A80-834A-4B47ABF9676F}
		{3586C07E-61C7-43B4-A3A1-8BF77A5B5DDA} = {63414C79-BEF0-4A80-834A-4B47ABF9676F}
		{DF5E37BD-415D-4924-87A2-21EC7347F9FD} = {63414C79-BEF0-4A80-834A-4B47ABF9676F}
		{445CE0A2-3EF3-4C23-B369-8A95A7EE52BE} = {63414C79-BEF0-4A80-834A-4B47ABF9676F}
		{F66DF6E8-BE95-460B-82FD-CA2B69F46CC6} = {63414C79-BEF0-4A80-834A-4B47ABF9676F}
		{87F03F96-EAA9-49DF-A09B-A2F69E2D3219} = {63414C79-BEF0-4A80-834A-4B47ABF9676F}
		{8B91029A-3802-4316-ABD6-95C6462936F0} = {63414C79-BEF0-4A80-834A-4B47ABF9676F}
		{FEECF340-8EDE-48AE-A193-58757705A338} = {63414C79-BEF0-4A80-834A-4B47ABF9676F}
		{11815E0B-DC55-48BF-8CDB-CEF4E11E99C2} = {9B87B618-C01B-4BA9-874E-77E3D08F1B16}
		{8DD0E36D-5FCB-4736-BC01-4B9DDFA45160} = {9670F72E-2B7D-471F-BC9E-0D0B2578C4FC}
		{AB2CBDBE-148B-4426-B432-6AD1C9CD1596} = {63414C79-BEF0-4A80-834A-4B47ABF9676F}
		{C3367A78-1DBB-4CC0-87EF-FB67FFC6048F} = {63414C79-BEF0-4A80-834A-4B47ABF9676F}
		{FA0145E8-9F64-41FA-96B7-AFFBF8039E59} = {63414C79-BEF0-4A80-834A-4B47ABF9676F}
		{D5A6FC36-66B9-43D5-A4B8-511A97B88DCF} = {63414C79-BEF0-4A80-834A-4B47ABF9676F}
		{47B9FBB6-F3C3-434E-A07E-4BA6A75BEB3E} = {B2B83BE9-47D3-4A0E-8172-EF4B6EF5F68C}
		{48C21B92-6331-407C-A591-F8976F689655} = {B2B83BE9-47D3-4A0E-8172-EF4B6EF5F68C}
		{5758F4F2-C85B-43D0-8B7D-A4BD58EAD0FB} = {9670F72E-2B7D-471F-BC9E-0D0B2578C4FC}
	EndGlobalSection
	GlobalSection(ExtensibilityGlobals) = postSolution
		SolutionGuid = {7EE1C721-9604-4A41-B647-816294134415}
	EndGlobalSection
EndGlobal
