
Microsoft Visual Studio Solution File, Format Version 12.00
# Visual Studio Version 16
VisualStudioVersion = 16.0.29609.76
MinimumVisualStudioVersion = 10.0.40219.1
Project("{2150E333-8FDC-42A3-9474-1A3956D46DE8}") = "Common", "Common", "{B2B83BE9-47D3-4A0E-8172-EF4B6EF5F68C}"
EndProject
Project("{2150E333-8FDC-42A3-9474-1A3956D46DE8}") = "Utility", "Utility", "{FF27A93C-91D0-400F-854F-D4C54BAC491E}"
EndProject
Project("{2150E333-8FDC-42A3-9474-1A3956D46DE8}") = "Test", "Test", "{9670F72E-2B7D-471F-BC9E-0D0B2578C4FC}"
EndProject
Project("{9A19103F-16F7-4668-BE54-9A1E7A4F7556}") = "Abbotware.Core", "Common\Abbotware.Core\Abbotware.Core.csproj", "{C88C0D3A-E871-4919-8FE7-AB99118C9C6A}"
EndProject
Project("{9A19103F-16F7-4668-BE54-9A1E7A4F7556}") = "Abbotware.Interop.NUnit", "Interop\Abbotware.Interop.NUnit\Abbotware.Interop.NUnit.csproj", "{FB8A6DC6-A32F-4875-B39A-5D1AB247EFB9}"
EndProject
Project("{9A19103F-16F7-4668-BE54-9A1E7A4F7556}") = "Abbotware.Utility.UnitTest", "Utility\Abbotware.Utility.UnitTest\Abbotware.Utility.UnitTest.csproj", "{7C0F7F8F-FD7B-4181-B4E1-009851623801}"
EndProject
Project("{9A19103F-16F7-4668-BE54-9A1E7A4F7556}") = "Abbotware.Utility.UnitTest.Using.NUnit", "Utility\Abbotware.Utility.UnitTest.Using.NUnit\Abbotware.Utility.UnitTest.Using.NUnit.csproj", "{6CAB3CC6-8FAD-4C2D-8A48-6D150C14747C}"
EndProject
Project("{9A19103F-16F7-4668-BE54-9A1E7A4F7556}") = "Abbotware.Core.UnitTests", "Test\Abbotware.Core.UnitTests\Abbotware.Core.UnitTests.csproj", "{86BF2F36-120C-421E-8EC3-E9F852F9B0F3}"
EndProject
Project("{9A19103F-16F7-4668-BE54-9A1E7A4F7556}") = "Abbotware.Interop.Newtonsoft", "Interop\Abbotware.Interop.Newtonsoft\Abbotware.Interop.Newtonsoft.csproj", "{593B13F9-BAD1-4A60-BA45-746C2D5B677B}"
EndProject
Project("{9A19103F-16F7-4668-BE54-9A1E7A4F7556}") = "Abbotware.Interop.Microsoft", "Interop\Abbotware.Interop.Microsoft\Abbotware.Interop.Microsoft.csproj", "{872FF191-BA7B-4AF2-8081-3BB47E10B36A}"
EndProject
Project("{9A19103F-16F7-4668-BE54-9A1E7A4F7556}") = "Abbotware.Interop.Log4net", "Interop\Abbotware.Interop.Log4net\Abbotware.Interop.Log4net.csproj", "{86731265-32FF-4DF7-BAF2-3C85E69108C0}"
EndProject
Project("{2150E333-8FDC-42A3-9474-1A3956D46DE8}") = "Interop", "Interop", "{63414C79-BEF0-4A80-834A-4B47ABF9676F}"
EndProject
Project("{9A19103F-16F7-4668-BE54-9A1E7A4F7556}") = "Abbotware.Interop.Castle", "Interop\Abbotware.Interop.Castle\Abbotware.Interop.Castle.csproj", "{0A725F89-F524-41BE-A862-71BFFD519C1E}"
EndProject
Project("{2150E333-8FDC-42A3-9474-1A3956D46DE8}") = "Using", "Using", "{D2B93B89-97F6-466C-9C72-9FAF871422EF}"
EndProject
Project("{9A19103F-16F7-4668-BE54-9A1E7A4F7556}") = "Abbotware.Using.Castle", "Using\Abbotware.Using.Castle\Abbotware.Using.Castle.csproj", "{9AA88EF9-92F6-4CFD-A7B7-D7346FD5C3A7}"
EndProject
Project("{9A19103F-16F7-4668-BE54-9A1E7A4F7556}") = "Abbotware.Using.Castle.With.Log4net", "Using\Abbotware.Using.Castle.With.Log4net\Abbotware.Using.Castle.With.Log4net.csproj", "{1CFE49CE-C2BB-47F7-A16F-AA60D3FC4195}"
EndProject
Project("{9A19103F-16F7-4668-BE54-9A1E7A4F7556}") = "Abbotware.Interop.AutoMapper", "Interop\Abbotware.Interop.AutoMapper\Abbotware.Interop.AutoMapper.csproj", "{5B3675D4-073B-467D-846B-4F41A90C3F06}"
EndProject
Project("{9A19103F-16F7-4668-BE54-9A1E7A4F7556}") = "Abbotware.Interop.EntityFramework", "Interop\Abbotware.Interop.EntityFramework\Abbotware.Interop.EntityFramework.csproj", "{AD916C9A-E3DD-447F-ACE9-E1761B96F819}"
EndProject
Project("{9A19103F-16F7-4668-BE54-9A1E7A4F7556}") = "Abbotware.Data", "Common\Abbotware.Data\Abbotware.Data.csproj", "{1C85718B-533B-4B5D-BF88-A319AB2DC191}"
EndProject
Project("{9A19103F-16F7-4668-BE54-9A1E7A4F7556}") = "Abbotware.Data.Using.Castle", "Using\Abbotware.Data.Using.Castle\Abbotware.Data.Using.Castle.csproj", "{068C64F4-22A7-48C4-ADB2-B0ADCCCA48A8}"
EndProject
Project("{9A19103F-16F7-4668-BE54-9A1E7A4F7556}") = "Abbotware.Core.Reactive", "Common\Abbotware.Core.Reactive\Abbotware.Core.Reactive.csproj", "{79A6C6AD-CFD7-4FA9-9D1A-D29E1EB21DFC}"
EndProject
Global
	GlobalSection(SolutionConfigurationPlatforms) = preSolution
		Debug|Any CPU = Debug|Any CPU
		Release|Any CPU = Release|Any CPU
	EndGlobalSection
	GlobalSection(ProjectConfigurationPlatforms) = postSolution
		{C88C0D3A-E871-4919-8FE7-AB99118C9C6A}.Debug|Any CPU.ActiveCfg = Debug|Any CPU
		{C88C0D3A-E871-4919-8FE7-AB99118C9C6A}.Debug|Any CPU.Build.0 = Debug|Any CPU
		{C88C0D3A-E871-4919-8FE7-AB99118C9C6A}.Release|Any CPU.ActiveCfg = Release|Any CPU
		{C88C0D3A-E871-4919-8FE7-AB99118C9C6A}.Release|Any CPU.Build.0 = Release|Any CPU
		{FB8A6DC6-A32F-4875-B39A-5D1AB247EFB9}.Debug|Any CPU.ActiveCfg = Debug|Any CPU
		{FB8A6DC6-A32F-4875-B39A-5D1AB247EFB9}.Debug|Any CPU.Build.0 = Debug|Any CPU
		{FB8A6DC6-A32F-4875-B39A-5D1AB247EFB9}.Release|Any CPU.ActiveCfg = Release|Any CPU
		{FB8A6DC6-A32F-4875-B39A-5D1AB247EFB9}.Release|Any CPU.Build.0 = Release|Any CPU
		{7C0F7F8F-FD7B-4181-B4E1-009851623801}.Debug|Any CPU.ActiveCfg = Debug|Any CPU
		{7C0F7F8F-FD7B-4181-B4E1-009851623801}.Debug|Any CPU.Build.0 = Debug|Any CPU
		{7C0F7F8F-FD7B-4181-B4E1-009851623801}.Release|Any CPU.ActiveCfg = Release|Any CPU
		{7C0F7F8F-FD7B-4181-B4E1-009851623801}.Release|Any CPU.Build.0 = Release|Any CPU
		{6CAB3CC6-8FAD-4C2D-8A48-6D150C14747C}.Debug|Any CPU.ActiveCfg = Debug|Any CPU
		{6CAB3CC6-8FAD-4C2D-8A48-6D150C14747C}.Debug|Any CPU.Build.0 = Debug|Any CPU
		{6CAB3CC6-8FAD-4C2D-8A48-6D150C14747C}.Release|Any CPU.ActiveCfg = Release|Any CPU
		{6CAB3CC6-8FAD-4C2D-8A48-6D150C14747C}.Release|Any CPU.Build.0 = Release|Any CPU
		{86BF2F36-120C-421E-8EC3-E9F852F9B0F3}.Debug|Any CPU.ActiveCfg = Debug|Any CPU
		{86BF2F36-120C-421E-8EC3-E9F852F9B0F3}.Debug|Any CPU.Build.0 = Debug|Any CPU
		{86BF2F36-120C-421E-8EC3-E9F852F9B0F3}.Release|Any CPU.ActiveCfg = Release|Any CPU
		{86BF2F36-120C-421E-8EC3-E9F852F9B0F3}.Release|Any CPU.Build.0 = Release|Any CPU
		{593B13F9-BAD1-4A60-BA45-746C2D5B677B}.Debug|Any CPU.ActiveCfg = Debug|Any CPU
		{593B13F9-BAD1-4A60-BA45-746C2D5B677B}.Debug|Any CPU.Build.0 = Debug|Any CPU
		{593B13F9-BAD1-4A60-BA45-746C2D5B677B}.Release|Any CPU.ActiveCfg = Release|Any CPU
		{593B13F9-BAD1-4A60-BA45-746C2D5B677B}.Release|Any CPU.Build.0 = Release|Any CPU
		{872FF191-BA7B-4AF2-8081-3BB47E10B36A}.Debug|Any CPU.ActiveCfg = Debug|Any CPU
		{872FF191-BA7B-4AF2-8081-3BB47E10B36A}.Debug|Any CPU.Build.0 = Debug|Any CPU
		{872FF191-BA7B-4AF2-8081-3BB47E10B36A}.Release|Any CPU.ActiveCfg = Release|Any CPU
		{872FF191-BA7B-4AF2-8081-3BB47E10B36A}.Release|Any CPU.Build.0 = Release|Any CPU
		{86731265-32FF-4DF7-BAF2-3C85E69108C0}.Debug|Any CPU.ActiveCfg = Debug|Any CPU
		{86731265-32FF-4DF7-BAF2-3C85E69108C0}.Debug|Any CPU.Build.0 = Debug|Any CPU
		{86731265-32FF-4DF7-BAF2-3C85E69108C0}.Release|Any CPU.ActiveCfg = Release|Any CPU
		{86731265-32FF-4DF7-BAF2-3C85E69108C0}.Release|Any CPU.Build.0 = Release|Any CPU
		{0A725F89-F524-41BE-A862-71BFFD519C1E}.Debug|Any CPU.ActiveCfg = Debug|Any CPU
		{0A725F89-F524-41BE-A862-71BFFD519C1E}.Debug|Any CPU.Build.0 = Debug|Any CPU
		{0A725F89-F524-41BE-A862-71BFFD519C1E}.Release|Any CPU.ActiveCfg = Release|Any CPU
		{0A725F89-F524-41BE-A862-71BFFD519C1E}.Release|Any CPU.Build.0 = Release|Any CPU
		{9AA88EF9-92F6-4CFD-A7B7-D7346FD5C3A7}.Debug|Any CPU.ActiveCfg = Debug|Any CPU
		{9AA88EF9-92F6-4CFD-A7B7-D7346FD5C3A7}.Debug|Any CPU.Build.0 = Debug|Any CPU
		{9AA88EF9-92F6-4CFD-A7B7-D7346FD5C3A7}.Release|Any CPU.ActiveCfg = Release|Any CPU
		{9AA88EF9-92F6-4CFD-A7B7-D7346FD5C3A7}.Release|Any CPU.Build.0 = Release|Any CPU
		{1CFE49CE-C2BB-47F7-A16F-AA60D3FC4195}.Debug|Any CPU.ActiveCfg = Debug|Any CPU
		{1CFE49CE-C2BB-47F7-A16F-AA60D3FC4195}.Debug|Any CPU.Build.0 = Debug|Any CPU
		{1CFE49CE-C2BB-47F7-A16F-AA60D3FC4195}.Release|Any CPU.ActiveCfg = Release|Any CPU
		{1CFE49CE-C2BB-47F7-A16F-AA60D3FC4195}.Release|Any CPU.Build.0 = Release|Any CPU
		{5B3675D4-073B-467D-846B-4F41A90C3F06}.Debug|Any CPU.ActiveCfg = Debug|Any CPU
		{5B3675D4-073B-467D-846B-4F41A90C3F06}.Debug|Any CPU.Build.0 = Debug|Any CPU
		{5B3675D4-073B-467D-846B-4F41A90C3F06}.Release|Any CPU.ActiveCfg = Release|Any CPU
		{5B3675D4-073B-467D-846B-4F41A90C3F06}.Release|Any CPU.Build.0 = Release|Any CPU
		{AD916C9A-E3DD-447F-ACE9-E1761B96F819}.Debug|Any CPU.ActiveCfg = Debug|Any CPU
		{AD916C9A-E3DD-447F-ACE9-E1761B96F819}.Debug|Any CPU.Build.0 = Debug|Any CPU
		{AD916C9A-E3DD-447F-ACE9-E1761B96F819}.Release|Any CPU.ActiveCfg = Release|Any CPU
		{AD916C9A-E3DD-447F-ACE9-E1761B96F819}.Release|Any CPU.Build.0 = Release|Any CPU
		{1C85718B-533B-4B5D-BF88-A319AB2DC191}.Debug|Any CPU.ActiveCfg = Debug|Any CPU
		{1C85718B-533B-4B5D-BF88-A319AB2DC191}.Debug|Any CPU.Build.0 = Debug|Any CPU
		{1C85718B-533B-4B5D-BF88-A319AB2DC191}.Release|Any CPU.ActiveCfg = Release|Any CPU
		{1C85718B-533B-4B5D-BF88-A319AB2DC191}.Release|Any CPU.Build.0 = Release|Any CPU
		{068C64F4-22A7-48C4-ADB2-B0ADCCCA48A8}.Debug|Any CPU.ActiveCfg = Debug|Any CPU
		{068C64F4-22A7-48C4-ADB2-B0ADCCCA48A8}.Debug|Any CPU.Build.0 = Debug|Any CPU
		{068C64F4-22A7-48C4-ADB2-B0ADCCCA48A8}.Release|Any CPU.ActiveCfg = Release|Any CPU
		{068C64F4-22A7-48C4-ADB2-B0ADCCCA48A8}.Release|Any CPU.Build.0 = Release|Any CPU
		{79A6C6AD-CFD7-4FA9-9D1A-D29E1EB21DFC}.Debug|Any CPU.ActiveCfg = Debug|Any CPU
		{79A6C6AD-CFD7-4FA9-9D1A-D29E1EB21DFC}.Debug|Any CPU.Build.0 = Debug|Any CPU
		{79A6C6AD-CFD7-4FA9-9D1A-D29E1EB21DFC}.Release|Any CPU.ActiveCfg = Release|Any CPU
		{79A6C6AD-CFD7-4FA9-9D1A-D29E1EB21DFC}.Release|Any CPU.Build.0 = Release|Any CPU
	EndGlobalSection
	GlobalSection(SolutionProperties) = preSolution
		HideSolutionNode = FALSE
	EndGlobalSection
	GlobalSection(NestedProjects) = preSolution
		{C88C0D3A-E871-4919-8FE7-AB99118C9C6A} = {B2B83BE9-47D3-4A0E-8172-EF4B6EF5F68C}
		{FB8A6DC6-A32F-4875-B39A-5D1AB247EFB9} = {63414C79-BEF0-4A80-834A-4B47ABF9676F}
		{7C0F7F8F-FD7B-4181-B4E1-009851623801} = {FF27A93C-91D0-400F-854F-D4C54BAC491E}
		{6CAB3CC6-8FAD-4C2D-8A48-6D150C14747C} = {FF27A93C-91D0-400F-854F-D4C54BAC491E}
		{86BF2F36-120C-421E-8EC3-E9F852F9B0F3} = {9670F72E-2B7D-471F-BC9E-0D0B2578C4FC}
		{593B13F9-BAD1-4A60-BA45-746C2D5B677B} = {63414C79-BEF0-4A80-834A-4B47ABF9676F}
		{872FF191-BA7B-4AF2-8081-3BB47E10B36A} = {63414C79-BEF0-4A80-834A-4B47ABF9676F}
		{86731265-32FF-4DF7-BAF2-3C85E69108C0} = {63414C79-BEF0-4A80-834A-4B47ABF9676F}
		{0A725F89-F524-41BE-A862-71BFFD519C1E} = {63414C79-BEF0-4A80-834A-4B47ABF9676F}
		{9AA88EF9-92F6-4CFD-A7B7-D7346FD5C3A7} = {D2B93B89-97F6-466C-9C72-9FAF871422EF}
		{1CFE49CE-C2BB-47F7-A16F-AA60D3FC4195} = {D2B93B89-97F6-466C-9C72-9FAF871422EF}
		{5B3675D4-073B-467D-846B-4F41A90C3F06} = {63414C79-BEF0-4A80-834A-4B47ABF9676F}
		{AD916C9A-E3DD-447F-ACE9-E1761B96F819} = {63414C79-BEF0-4A80-834A-4B47ABF9676F}
		{1C85718B-533B-4B5D-BF88-A319AB2DC191} = {B2B83BE9-47D3-4A0E-8172-EF4B6EF5F68C}
		{068C64F4-22A7-48C4-ADB2-B0ADCCCA48A8} = {D2B93B89-97F6-466C-9C72-9FAF871422EF}
		{79A6C6AD-CFD7-4FA9-9D1A-D29E1EB21DFC} = {B2B83BE9-47D3-4A0E-8172-EF4B6EF5F68C}
	EndGlobalSection
	GlobalSection(ExtensibilityGlobals) = postSolution
		SolutionGuid = {7EE1C721-9604-4A41-B647-816294134415}
	EndGlobalSection
EndGlobal
