
Microsoft Visual Studio Solution File, Format Version 12.00
# Visual Studio Version 16
VisualStudioVersion = 16.0.29609.76
MinimumVisualStudioVersion = 10.0.40219.1
Project("{9A19103F-16F7-4668-BE54-9A1E7A4F7556}") = "Abbotware.Core", "Abbotware.Core\Abbotware.Core.csproj", "{3AAFFEBB-ADEF-4F45-ACE3-6A3284951F38}"
EndProject
Global
	GlobalSection(SolutionConfigurationPlatforms) = preSolution
		Debug|Any CPU = Debug|Any CPU
		Release|Any CPU = Release|Any CPU
	EndGlobalSection
	GlobalSection(ProjectConfigurationPlatforms) = postSolution
		{3AAFFEBB-ADEF-4F45-ACE3-6A3284951F38}.Debug|Any CPU.ActiveCfg = Debug|Any CPU
		{3AAFFEBB-ADEF-4F45-ACE3-6A3284951F38}.Debug|Any CPU.Build.0 = Debug|Any CPU
		{3AAFFEBB-ADEF-4F45-ACE3-6A3284951F38}.Release|Any CPU.ActiveCfg = Release|Any CPU
		{3AAFFEBB-ADEF-4F45-ACE3-6A3284951F38}.Release|Any CPU.Build.0 = Release|Any CPU
	EndGlobalSection
	GlobalSection(SolutionProperties) = preSolution
		HideSolutionNode = FALSE
	EndGlobalSection
	GlobalSection(ExtensibilityGlobals) = postSolution
		SolutionGuid = {7EE1C721-9604-4A41-B647-816294134415}
	EndGlobalSection
EndGlobal
